
Microsoft Visual Studio Solution File, Format Version 12.00
# Visual Studio 15
VisualStudioVersion = 15.0.26226.0
MinimumVisualStudioVersion = 10.0.40219.1
Project("{2150E333-8FDC-42A3-9474-1A3956D46DE8}") = "src", "src", "{44A66428-B4D8-4659-9C43-198A83080A0E}"
EndProject
Project("{2150E333-8FDC-42A3-9474-1A3956D46DE8}") = "Solution Items", "Solution Items", "{B29B881F-A7A7-4CAB-AB5D-0E89FC769011}"
EndProject
Project("{9A19103F-16F7-4668-BE54-9A1E7A4F7556}") = "HwcConsole", "src\HwcConsole\HwcConsole.csproj", "{6768B064-ED6D-46F5-94EB-C294AEB451C6}"
EndProject
Global
	GlobalSection(SolutionConfigurationPlatforms) = preSolution
		Debug|Any CPU = Debug|Any CPU
		Release|Any CPU = Release|Any CPU
	EndGlobalSection
	GlobalSection(ProjectConfigurationPlatforms) = postSolution
		{6768B064-ED6D-46F5-94EB-C294AEB451C6}.Debug|Any CPU.ActiveCfg = Debug|Any CPU
		{6768B064-ED6D-46F5-94EB-C294AEB451C6}.Debug|Any CPU.Build.0 = Debug|Any CPU
		{6768B064-ED6D-46F5-94EB-C294AEB451C6}.Release|Any CPU.ActiveCfg = Release|Any CPU
		{6768B064-ED6D-46F5-94EB-C294AEB451C6}.Release|Any CPU.Build.0 = Release|Any CPU
	EndGlobalSection
	GlobalSection(SolutionProperties) = preSolution
		HideSolutionNode = FALSE
	EndGlobalSection
	GlobalSection(NestedProjects) = preSolution
		{6768B064-ED6D-46F5-94EB-C294AEB451C6} = {44A66428-B4D8-4659-9C43-198A83080A0E}
	EndGlobalSection
EndGlobal
